
Microsoft Visual Studio Solution File, Format Version 12.00
# Visual Studio Version 17
VisualStudioVersion = 17.11.35303.130
MinimumVisualStudioVersion = 10.0.40219.1
Project("{9A19103F-16F7-4668-BE54-9A1E7A4F7556}") = "Lee-code", "Lee-code\Lee-code.csproj", "{BA4EBB86-3B91-4BCD-A800-75AEB09EFF4D}"
EndProject
Project("{9A19103F-16F7-4668-BE54-9A1E7A4F7556}") = "Tema2", "Tema2\Tema2.csproj", "{31A17736-D674-4433-A0B6-A5C9C2751E56}"
EndProject
Project("{9A19103F-16F7-4668-BE54-9A1E7A4F7556}") = "Tema3", "Tema3\Tema3.csproj", "{3BDCF929-F639-48AA-8A01-84412BA14DE4}"
EndProject
Project("{9A19103F-16F7-4668-BE54-9A1E7A4F7556}") = "Tema4", "Tema4\Tema4.csproj", "{17CF8FA5-B588-49EE-AA93-4559556611E2}"
EndProject
Project("{9A19103F-16F7-4668-BE54-9A1E7A4F7556}") = "Tema5", "Tema5\Tema5.csproj", "{C1563EA2-51C4-4A90-984C-D43629AD2B51}"
EndProject
Project("{9A19103F-16F7-4668-BE54-9A1E7A4F7556}") = "Tema6", "Tema6\Tema6.csproj", "{23D55249-0CA1-49C3-BFE0-2694AB2FDC85}"
EndProject
Project("{FAE04EC0-301F-11D3-BF4B-00C04F79EFBC}") = "Tema7", "Tema7\Tema7.csproj", "{56835655-D649-4370-93DD-A32A13697872}"
EndProject
Project("{FAE04EC0-301F-11D3-BF4B-00C04F79EFBC}") = "Tema8", "Tema8\Tema8.csproj", "{BBFB96CD-4B10-40DF-8368-824380F69D0D}"
EndProject
Global
	GlobalSection(SolutionConfigurationPlatforms) = preSolution
		Debug|Any CPU = Debug|Any CPU
		Release|Any CPU = Release|Any CPU
	EndGlobalSection
	GlobalSection(ProjectConfigurationPlatforms) = postSolution
		{BA4EBB86-3B91-4BCD-A800-75AEB09EFF4D}.Debug|Any CPU.ActiveCfg = Debug|Any CPU
		{BA4EBB86-3B91-4BCD-A800-75AEB09EFF4D}.Debug|Any CPU.Build.0 = Debug|Any CPU
		{BA4EBB86-3B91-4BCD-A800-75AEB09EFF4D}.Release|Any CPU.ActiveCfg = Release|Any CPU
		{BA4EBB86-3B91-4BCD-A800-75AEB09EFF4D}.Release|Any CPU.Build.0 = Release|Any CPU
		{31A17736-D674-4433-A0B6-A5C9C2751E56}.Debug|Any CPU.ActiveCfg = Debug|Any CPU
		{31A17736-D674-4433-A0B6-A5C9C2751E56}.Debug|Any CPU.Build.0 = Debug|Any CPU
		{31A17736-D674-4433-A0B6-A5C9C2751E56}.Release|Any CPU.ActiveCfg = Release|Any CPU
		{31A17736-D674-4433-A0B6-A5C9C2751E56}.Release|Any CPU.Build.0 = Release|Any CPU
		{3BDCF929-F639-48AA-8A01-84412BA14DE4}.Debug|Any CPU.ActiveCfg = Debug|Any CPU
		{3BDCF929-F639-48AA-8A01-84412BA14DE4}.Debug|Any CPU.Build.0 = Debug|Any CPU
		{3BDCF929-F639-48AA-8A01-84412BA14DE4}.Release|Any CPU.ActiveCfg = Release|Any CPU
		{3BDCF929-F639-48AA-8A01-84412BA14DE4}.Release|Any CPU.Build.0 = Release|Any CPU
		{17CF8FA5-B588-49EE-AA93-4559556611E2}.Debug|Any CPU.ActiveCfg = Debug|Any CPU
		{17CF8FA5-B588-49EE-AA93-4559556611E2}.Debug|Any CPU.Build.0 = Debug|Any CPU
		{17CF8FA5-B588-49EE-AA93-4559556611E2}.Release|Any CPU.ActiveCfg = Release|Any CPU
		{17CF8FA5-B588-49EE-AA93-4559556611E2}.Release|Any CPU.Build.0 = Release|Any CPU
		{C1563EA2-51C4-4A90-984C-D43629AD2B51}.Debug|Any CPU.ActiveCfg = Debug|Any CPU
		{C1563EA2-51C4-4A90-984C-D43629AD2B51}.Debug|Any CPU.Build.0 = Debug|Any CPU
		{C1563EA2-51C4-4A90-984C-D43629AD2B51}.Release|Any CPU.ActiveCfg = Release|Any CPU
		{C1563EA2-51C4-4A90-984C-D43629AD2B51}.Release|Any CPU.Build.0 = Release|Any CPU
		{23D55249-0CA1-49C3-BFE0-2694AB2FDC85}.Debug|Any CPU.ActiveCfg = Debug|Any CPU
		{23D55249-0CA1-49C3-BFE0-2694AB2FDC85}.Debug|Any CPU.Build.0 = Debug|Any CPU
		{23D55249-0CA1-49C3-BFE0-2694AB2FDC85}.Release|Any CPU.ActiveCfg = Release|Any CPU
		{23D55249-0CA1-49C3-BFE0-2694AB2FDC85}.Release|Any CPU.Build.0 = Release|Any CPU
		{56835655-D649-4370-93DD-A32A13697872}.Debug|Any CPU.ActiveCfg = Debug|Any CPU
		{56835655-D649-4370-93DD-A32A13697872}.Debug|Any CPU.Build.0 = Debug|Any CPU
		{56835655-D649-4370-93DD-A32A13697872}.Release|Any CPU.ActiveCfg = Release|Any CPU
		{56835655-D649-4370-93DD-A32A13697872}.Release|Any CPU.Build.0 = Release|Any CPU
		{BBFB96CD-4B10-40DF-8368-824380F69D0D}.Debug|Any CPU.ActiveCfg = Debug|Any CPU
		{BBFB96CD-4B10-40DF-8368-824380F69D0D}.Debug|Any CPU.Build.0 = Debug|Any CPU
		{BBFB96CD-4B10-40DF-8368-824380F69D0D}.Release|Any CPU.ActiveCfg = Release|Any CPU
		{BBFB96CD-4B10-40DF-8368-824380F69D0D}.Release|Any CPU.Build.0 = Release|Any CPU
	EndGlobalSection
	GlobalSection(SolutionProperties) = preSolution
		HideSolutionNode = FALSE
	EndGlobalSection
	GlobalSection(ExtensibilityGlobals) = postSolution
		SolutionGuid = {6A5F2537-1592-4A8E-A921-A6A3721CFFC5}
	EndGlobalSection
EndGlobal
